
Microsoft Visual Studio Solution File, Format Version 12.00
# Visual Studio Version 17
VisualStudioVersion = 17.11.35219.272
MinimumVisualStudioVersion = 10.0.40219.1
Project("{FAE04EC0-301F-11D3-BF4B-00C04F79EFBC}") = "navbar", "navbar\navbar.csproj", "{92FF5E20-FB87-4DFE-A886-C8689132AD7E}"
EndProject
Global
	GlobalSection(SolutionConfigurationPlatforms) = preSolution
		Debug|Any CPU = Debug|Any CPU
		Release|Any CPU = Release|Any CPU
	EndGlobalSection
	GlobalSection(ProjectConfigurationPlatforms) = postSolution
		{92FF5E20-FB87-4DFE-A886-C8689132AD7E}.Debug|Any CPU.ActiveCfg = Debug|Any CPU
		{92FF5E20-FB87-4DFE-A886-C8689132AD7E}.Debug|Any CPU.Build.0 = Debug|Any CPU
		{92FF5E20-FB87-4DFE-A886-C8689132AD7E}.Release|Any CPU.ActiveCfg = Release|Any CPU
		{92FF5E20-FB87-4DFE-A886-C8689132AD7E}.Release|Any CPU.Build.0 = Release|Any CPU
	EndGlobalSection
	GlobalSection(SolutionProperties) = preSolution
		HideSolutionNode = FALSE
	EndGlobalSection
	GlobalSection(ExtensibilityGlobals) = postSolution
		SolutionGuid = {CAD35A82-8564-42C2-807F-01360B69ECBD}
	EndGlobalSection
EndGlobal
